
Microsoft Visual Studio Solution File, Format Version 12.00
# Visual Studio Version 16
VisualStudioVersion = 16.0.30621.155
MinimumVisualStudioVersion = 10.0.40219.1
Project("{FAE04EC0-301F-11D3-BF4B-00C04F79EFBC}") = "Holtz_BookStore.API", "Holtz_BookStore.API\Holtz_BookStore.API.csproj", "{D9267658-4BD3-4369-BBA9-7A744E85CA67}"
EndProject
Project("{FAE04EC0-301F-11D3-BF4B-00C04F79EFBC}") = "Holtz_BookStore.Domain", "Holtz_BookStore.Domain\Holtz_BookStore.Domain.csproj", "{65A41328-FB7B-47B6-A26D-2C242F584F17}"
EndProject
Global
	GlobalSection(SolutionConfigurationPlatforms) = preSolution
		Debug|Any CPU = Debug|Any CPU
		Release|Any CPU = Release|Any CPU
	EndGlobalSection
	GlobalSection(ProjectConfigurationPlatforms) = postSolution
		{D9267658-4BD3-4369-BBA9-7A744E85CA67}.Debug|Any CPU.ActiveCfg = Debug|Any CPU
		{D9267658-4BD3-4369-BBA9-7A744E85CA67}.Debug|Any CPU.Build.0 = Debug|Any CPU
		{D9267658-4BD3-4369-BBA9-7A744E85CA67}.Release|Any CPU.ActiveCfg = Release|Any CPU
		{D9267658-4BD3-4369-BBA9-7A744E85CA67}.Release|Any CPU.Build.0 = Release|Any CPU
		{65A41328-FB7B-47B6-A26D-2C242F584F17}.Debug|Any CPU.ActiveCfg = Debug|Any CPU
		{65A41328-FB7B-47B6-A26D-2C242F584F17}.Debug|Any CPU.Build.0 = Debug|Any CPU
		{65A41328-FB7B-47B6-A26D-2C242F584F17}.Release|Any CPU.ActiveCfg = Release|Any CPU
		{65A41328-FB7B-47B6-A26D-2C242F584F17}.Release|Any CPU.Build.0 = Release|Any CPU
	EndGlobalSection
	GlobalSection(SolutionProperties) = preSolution
		HideSolutionNode = FALSE
	EndGlobalSection
	GlobalSection(ExtensibilityGlobals) = postSolution
		SolutionGuid = {CF891D9B-DFE1-4340-82B7-1E26320271E2}
	EndGlobalSection
EndGlobal
